# THIS IS AN AUTOGENERATED FILE. DO NOT EDIT THIS FILE DIRECTLY.
# yarn lockfile v1


"@hediet/debug-visualizer-data-extraction@^0.14.0":
  version "0.14.0"
  resolved "https://registry.yarnpkg.com/@hediet/debug-visualizer-data-extraction/-/debug-visualizer-data-extraction-0.14.0.tgz#4dd9ae2285d2d030a27bccd9f5f1b4f109d6b6a8"
  integrity sha512-J2eu4U+1SVNPYxhbWT6iKy9tA8DX0iDNoFipST/mJt503T67Z7H24wRBJyjHdk4ooohVNrEW2qsTZWMqWSFbcQ==

typescript@*:
  version "4.7.4"
  resolved "https://registry.yarnpkg.com/typescript/-/typescript-4.7.4.tgz#1a88596d1cf47d59507a1bcdfb5b9dfe4d488235"
  integrity sha512-C0WQT0gezHuw6AdY1M2jxUO83Rjf0HP7Sk1DtXj6j1EwkQNZrHAg2XPWlq62oqEhYvONq5pkC2Y9oPljWToLmQ==
